
Microsoft Visual Studio Solution File, Format Version 12.00
# Visual Studio Version 17
VisualStudioVersion = 17.0.31919.166
MinimumVisualStudioVersion = 10.0.40219.1
Project("{FAE04EC0-301F-11D3-BF4B-00C04F79EFBC}") = "Either", "Either\Either.csproj", "{C7FE3CC1-4BB7-4801-9405-ACEF8D06D383}"
EndProject
Project("{FAE04EC0-301F-11D3-BF4B-00C04F79EFBC}") = "EitherTest", "EitherTest\EitherTest.csproj", "{9F1CF458-61E4-4974-B0F0-FD9837A944BE}"
EndProject
Global
	GlobalSection(SolutionConfigurationPlatforms) = preSolution
		Debug|Any CPU = Debug|Any CPU
		Release|Any CPU = Release|Any CPU
	EndGlobalSection
	GlobalSection(ProjectConfigurationPlatforms) = postSolution
		{C7FE3CC1-4BB7-4801-9405-ACEF8D06D383}.Debug|Any CPU.ActiveCfg = Debug|Any CPU
		{C7FE3CC1-4BB7-4801-9405-ACEF8D06D383}.Debug|Any CPU.Build.0 = Debug|Any CPU
		{C7FE3CC1-4BB7-4801-9405-ACEF8D06D383}.Release|Any CPU.ActiveCfg = Release|Any CPU
		{C7FE3CC1-4BB7-4801-9405-ACEF8D06D383}.Release|Any CPU.Build.0 = Release|Any CPU
		{9F1CF458-61E4-4974-B0F0-FD9837A944BE}.Debug|Any CPU.ActiveCfg = Debug|Any CPU
		{9F1CF458-61E4-4974-B0F0-FD9837A944BE}.Debug|Any CPU.Build.0 = Debug|Any CPU
		{9F1CF458-61E4-4974-B0F0-FD9837A944BE}.Release|Any CPU.ActiveCfg = Release|Any CPU
		{9F1CF458-61E4-4974-B0F0-FD9837A944BE}.Release|Any CPU.Build.0 = Release|Any CPU
	EndGlobalSection
	GlobalSection(SolutionProperties) = preSolution
		HideSolutionNode = FALSE
	EndGlobalSection
	GlobalSection(ExtensibilityGlobals) = postSolution
		SolutionGuid = {46AFDB2E-2B46-46DD-987C-1BE21F6DDC6C}
	EndGlobalSection
EndGlobal
